
Microsoft Visual Studio Solution File, Format Version 12.00
# Visual Studio Version 16
VisualStudioVersion = 16.0.29503.13
MinimumVisualStudioVersion = 10.0.40219.1
Project("{FAE04EC0-301F-11D3-BF4B-00C04F79EFBC}") = "RecordDatabaseOpnieuw", "RecordDatabaseOpnieuw\RecordDatabaseOpnieuw.csproj", "{DCDE64D7-7550-409B-A4A0-D25F607FB9CC}"
EndProject
Project("{FAE04EC0-301F-11D3-BF4B-00C04F79EFBC}") = "RecordDB", "RecordDB\RecordDB.csproj", "{CC44999A-54C3-4981-92A4-6FA45D31ECE6}"
EndProject
Global
	GlobalSection(SolutionConfigurationPlatforms) = preSolution
		Debug|Any CPU = Debug|Any CPU
		Release|Any CPU = Release|Any CPU
	EndGlobalSection
	GlobalSection(ProjectConfigurationPlatforms) = postSolution
		{DCDE64D7-7550-409B-A4A0-D25F607FB9CC}.Debug|Any CPU.ActiveCfg = Debug|Any CPU
		{DCDE64D7-7550-409B-A4A0-D25F607FB9CC}.Debug|Any CPU.Build.0 = Debug|Any CPU
		{DCDE64D7-7550-409B-A4A0-D25F607FB9CC}.Release|Any CPU.ActiveCfg = Release|Any CPU
		{DCDE64D7-7550-409B-A4A0-D25F607FB9CC}.Release|Any CPU.Build.0 = Release|Any CPU
		{CC44999A-54C3-4981-92A4-6FA45D31ECE6}.Debug|Any CPU.ActiveCfg = Debug|Any CPU
		{CC44999A-54C3-4981-92A4-6FA45D31ECE6}.Debug|Any CPU.Build.0 = Debug|Any CPU
		{CC44999A-54C3-4981-92A4-6FA45D31ECE6}.Release|Any CPU.ActiveCfg = Release|Any CPU
		{CC44999A-54C3-4981-92A4-6FA45D31ECE6}.Release|Any CPU.Build.0 = Release|Any CPU
	EndGlobalSection
	GlobalSection(SolutionProperties) = preSolution
		HideSolutionNode = FALSE
	EndGlobalSection
	GlobalSection(ExtensibilityGlobals) = postSolution
		SolutionGuid = {0329DFB8-B6F0-4DB0-9CC7-4462B5177F5C}
	EndGlobalSection
EndGlobal
